
Microsoft Visual Studio Solution File, Format Version 11.00
# Visual Studio 2010
Project("{FAE04EC0-301F-11D3-BF4B-00C04F79EFBC}") = "Eam.Client.Model.TechData", "Eam.Client.Model.TechData\Eam.Client.Model.TechData.csproj", "{2330D406-6AE3-4158-91F3-70840D7ECA75}"
EndProject
Project("{FAE04EC0-301F-11D3-BF4B-00C04F79EFBC}") = "test_EamTechDataModel_console", "test_EamTechDataModel_console\test_EamTechDataModel_console\test_EamTechDataModel_console.csproj", "{BD81C376-5219-47F9-86EA-5E1FA3588262}"
EndProject
Project("{FAE04EC0-301F-11D3-BF4B-00C04F79EFBC}") = "UnitTestProject", "UnitTestProject\UnitTestProject.csproj", "{4723969C-BC09-45FA-A297-A69585D8A5C3}"
EndProject
Project("{2150E333-8FDC-42A3-9474-1A3956D46DE8}") = "Solution Items", "Solution Items", "{5C83D3C2-A857-4DCD-9299-1E68EAD95E3A}"
	ProjectSection(SolutionItems) = preProject
		Local.testsettings = Local.testsettings
		PollTechData.vsmdi = PollTechData.vsmdi
		TraceAndTestImpact.testsettings = TraceAndTestImpact.testsettings
	EndProjectSection
EndProject
Project("{FAE04EC0-301F-11D3-BF4B-00C04F79EFBC}") = "techdata_dbagent", "techdata_dbagent\techdata_dbagent.csproj", "{F8F411EB-6EE6-4673-9166-C0FFF5BA12E7}"
EndProject
Project("{FAE04EC0-301F-11D3-BF4B-00C04F79EFBC}") = "techdata_charting_wpf", "techdata_charting_wpf\techdata_charting_wpf.csproj", "{AA403727-752A-4786-82A7-09A2F7A2A34B}"
EndProject
Global
	GlobalSection(TestCaseManagementSettings) = postSolution
		CategoryFile = PollTechData.vsmdi
	EndGlobalSection
	GlobalSection(SolutionConfigurationPlatforms) = preSolution
		Debug|Any CPU = Debug|Any CPU
		Debug|Mixed Platforms = Debug|Mixed Platforms
		Debug|x86 = Debug|x86
		Release|Any CPU = Release|Any CPU
		Release|Mixed Platforms = Release|Mixed Platforms
		Release|x86 = Release|x86
	EndGlobalSection
	GlobalSection(ProjectConfigurationPlatforms) = postSolution
		{2330D406-6AE3-4158-91F3-70840D7ECA75}.Debug|Any CPU.ActiveCfg = Debug|Any CPU
		{2330D406-6AE3-4158-91F3-70840D7ECA75}.Debug|Any CPU.Build.0 = Debug|Any CPU
		{2330D406-6AE3-4158-91F3-70840D7ECA75}.Debug|Mixed Platforms.ActiveCfg = Debug|Any CPU
		{2330D406-6AE3-4158-91F3-70840D7ECA75}.Debug|Mixed Platforms.Build.0 = Debug|Any CPU
		{2330D406-6AE3-4158-91F3-70840D7ECA75}.Debug|x86.ActiveCfg = Debug|Any CPU
		{2330D406-6AE3-4158-91F3-70840D7ECA75}.Release|Any CPU.ActiveCfg = Release|Any CPU
		{2330D406-6AE3-4158-91F3-70840D7ECA75}.Release|Any CPU.Build.0 = Release|Any CPU
		{2330D406-6AE3-4158-91F3-70840D7ECA75}.Release|Mixed Platforms.ActiveCfg = Release|Any CPU
		{2330D406-6AE3-4158-91F3-70840D7ECA75}.Release|Mixed Platforms.Build.0 = Release|Any CPU
		{2330D406-6AE3-4158-91F3-70840D7ECA75}.Release|x86.ActiveCfg = Release|Any CPU
		{BD81C376-5219-47F9-86EA-5E1FA3588262}.Debug|Any CPU.ActiveCfg = Debug|x86
		{BD81C376-5219-47F9-86EA-5E1FA3588262}.Debug|Mixed Platforms.ActiveCfg = Debug|x86
		{BD81C376-5219-47F9-86EA-5E1FA3588262}.Debug|Mixed Platforms.Build.0 = Debug|x86
		{BD81C376-5219-47F9-86EA-5E1FA3588262}.Debug|x86.ActiveCfg = Debug|x86
		{BD81C376-5219-47F9-86EA-5E1FA3588262}.Debug|x86.Build.0 = Debug|x86
		{BD81C376-5219-47F9-86EA-5E1FA3588262}.Release|Any CPU.ActiveCfg = Release|x86
		{BD81C376-5219-47F9-86EA-5E1FA3588262}.Release|Mixed Platforms.ActiveCfg = Release|x86
		{BD81C376-5219-47F9-86EA-5E1FA3588262}.Release|Mixed Platforms.Build.0 = Release|x86
		{BD81C376-5219-47F9-86EA-5E1FA3588262}.Release|x86.ActiveCfg = Release|x86
		{BD81C376-5219-47F9-86EA-5E1FA3588262}.Release|x86.Build.0 = Release|x86
		{4723969C-BC09-45FA-A297-A69585D8A5C3}.Debug|Any CPU.ActiveCfg = Debug|Any CPU
		{4723969C-BC09-45FA-A297-A69585D8A5C3}.Debug|Any CPU.Build.0 = Debug|Any CPU
		{4723969C-BC09-45FA-A297-A69585D8A5C3}.Debug|Mixed Platforms.ActiveCfg = Debug|Any CPU
		{4723969C-BC09-45FA-A297-A69585D8A5C3}.Debug|Mixed Platforms.Build.0 = Debug|Any CPU
		{4723969C-BC09-45FA-A297-A69585D8A5C3}.Debug|x86.ActiveCfg = Debug|Any CPU
		{4723969C-BC09-45FA-A297-A69585D8A5C3}.Release|Any CPU.ActiveCfg = Release|Any CPU
		{4723969C-BC09-45FA-A297-A69585D8A5C3}.Release|Any CPU.Build.0 = Release|Any CPU
		{4723969C-BC09-45FA-A297-A69585D8A5C3}.Release|Mixed Platforms.ActiveCfg = Release|Any CPU
		{4723969C-BC09-45FA-A297-A69585D8A5C3}.Release|Mixed Platforms.Build.0 = Release|Any CPU
		{4723969C-BC09-45FA-A297-A69585D8A5C3}.Release|x86.ActiveCfg = Release|Any CPU
		{F8F411EB-6EE6-4673-9166-C0FFF5BA12E7}.Debug|Any CPU.ActiveCfg = Debug|x86
		{F8F411EB-6EE6-4673-9166-C0FFF5BA12E7}.Debug|Mixed Platforms.ActiveCfg = Debug|x86
		{F8F411EB-6EE6-4673-9166-C0FFF5BA12E7}.Debug|Mixed Platforms.Build.0 = Debug|x86
		{F8F411EB-6EE6-4673-9166-C0FFF5BA12E7}.Debug|x86.ActiveCfg = Debug|x86
		{F8F411EB-6EE6-4673-9166-C0FFF5BA12E7}.Debug|x86.Build.0 = Debug|x86
		{F8F411EB-6EE6-4673-9166-C0FFF5BA12E7}.Release|Any CPU.ActiveCfg = Release|x86
		{F8F411EB-6EE6-4673-9166-C0FFF5BA12E7}.Release|Mixed Platforms.ActiveCfg = Release|x86
		{F8F411EB-6EE6-4673-9166-C0FFF5BA12E7}.Release|Mixed Platforms.Build.0 = Release|x86
		{F8F411EB-6EE6-4673-9166-C0FFF5BA12E7}.Release|x86.ActiveCfg = Release|x86
		{F8F411EB-6EE6-4673-9166-C0FFF5BA12E7}.Release|x86.Build.0 = Release|x86
		{AA403727-752A-4786-82A7-09A2F7A2A34B}.Debug|Any CPU.ActiveCfg = Debug|x86
		{AA403727-752A-4786-82A7-09A2F7A2A34B}.Debug|Mixed Platforms.ActiveCfg = Debug|x86
		{AA403727-752A-4786-82A7-09A2F7A2A34B}.Debug|Mixed Platforms.Build.0 = Debug|x86
		{AA403727-752A-4786-82A7-09A2F7A2A34B}.Debug|x86.ActiveCfg = Debug|x86
		{AA403727-752A-4786-82A7-09A2F7A2A34B}.Debug|x86.Build.0 = Debug|x86
		{AA403727-752A-4786-82A7-09A2F7A2A34B}.Release|Any CPU.ActiveCfg = Release|x86
		{AA403727-752A-4786-82A7-09A2F7A2A34B}.Release|Mixed Platforms.ActiveCfg = Release|x86
		{AA403727-752A-4786-82A7-09A2F7A2A34B}.Release|Mixed Platforms.Build.0 = Release|x86
		{AA403727-752A-4786-82A7-09A2F7A2A34B}.Release|x86.ActiveCfg = Release|x86
		{AA403727-752A-4786-82A7-09A2F7A2A34B}.Release|x86.Build.0 = Release|x86
	EndGlobalSection
	GlobalSection(SolutionProperties) = preSolution
		HideSolutionNode = FALSE
	EndGlobalSection
EndGlobal
